{
  "name": "alepzbots",
  "version": "2.0.0",
  "description": "AlepzBot — Discord Bot by fiqq",
  "main": "bot.js",
  "scripts": {
    "start": "node bot.js",
    "dev": "nodemon bot.js"
  },
  "engines": {
    "node": ">=18"
  },
  "dependencies": {
    "discord.js": "^14.16.3",
    "dotenv": "^16.4.5"
  },
  "devDependencies": {
    "nodemon": "^3.1.0"
  },
  "keywords": [
    "discord",
    "bot",
    "ticket",
    "moderation"
  ],
  "author": "fiqq",
  "license": "MIT",
  "repository": {
    "type": "git",
    "url": "https://github.com/alepz/Alepbot"
  }
}
